{
  "name": "B.R.A.I.N",
  "lockfileVersion": 3,
  "requires": true,
  "packages": {
    "": {
      "devDependencies": {
        "@types/pubsub-js": "^1.8.6"
      }
    },
    "node_modules/@types/pubsub-js": {
      "version": "1.8.6",
      "resolved": "https://registry.npmjs.org/@types/pubsub-js/-/pubsub-js-1.8.6.tgz",
      "integrity": "sha512-Kwug5cwV0paUDm/NfwDx1sp9xI0bGIvmWJjJWCU8NngkCCMt3EIC7oPDvb6fV7BR8kPpFyyBu4D11bda/2MdPA==",
      "dev": true,
      "license": "MIT"
    }
  }
}
